
Microsoft Visual Studio Solution File, Format Version 12.00
# Visual Studio Version 16
VisualStudioVersion = 16.0.32413.511
MinimumVisualStudioVersion = 10.0.40219.1
Project("{FAE04EC0-301F-11D3-BF4B-00C04F79EFBC}") = "EstadoCeldas", "EstadoCeldas\EstadoCeldas.csproj", "{E56F0EAD-563A-4050-89AA-74B5EEF9AF96}"
EndProject
Project("{FAE04EC0-301F-11D3-BF4B-00C04F79EFBC}") = "CeldasCore", "CeldasCore\CeldasCore.csproj", "{DD72C5D8-C75E-48C8-9925-894062BA6459}"
EndProject
Project("{FAE04EC0-301F-11D3-BF4B-00C04F79EFBC}") = "CeldasInfraestructure", "CeldasInfraestructure\CeldasInfraestructure.csproj", "{B01D330A-404A-4979-83C5-CFB8E2EE18C9}"
EndProject
Global
	GlobalSection(SolutionConfigurationPlatforms) = preSolution
		Debug|Any CPU = Debug|Any CPU
		Release|Any CPU = Release|Any CPU
	EndGlobalSection
	GlobalSection(ProjectConfigurationPlatforms) = postSolution
		{E56F0EAD-563A-4050-89AA-74B5EEF9AF96}.Debug|Any CPU.ActiveCfg = Debug|Any CPU
		{E56F0EAD-563A-4050-89AA-74B5EEF9AF96}.Debug|Any CPU.Build.0 = Debug|Any CPU
		{E56F0EAD-563A-4050-89AA-74B5EEF9AF96}.Release|Any CPU.ActiveCfg = Release|Any CPU
		{E56F0EAD-563A-4050-89AA-74B5EEF9AF96}.Release|Any CPU.Build.0 = Release|Any CPU
		{DD72C5D8-C75E-48C8-9925-894062BA6459}.Debug|Any CPU.ActiveCfg = Debug|Any CPU
		{DD72C5D8-C75E-48C8-9925-894062BA6459}.Debug|Any CPU.Build.0 = Debug|Any CPU
		{DD72C5D8-C75E-48C8-9925-894062BA6459}.Release|Any CPU.ActiveCfg = Release|Any CPU
		{DD72C5D8-C75E-48C8-9925-894062BA6459}.Release|Any CPU.Build.0 = Release|Any CPU
		{B01D330A-404A-4979-83C5-CFB8E2EE18C9}.Debug|Any CPU.ActiveCfg = Debug|Any CPU
		{B01D330A-404A-4979-83C5-CFB8E2EE18C9}.Debug|Any CPU.Build.0 = Debug|Any CPU
		{B01D330A-404A-4979-83C5-CFB8E2EE18C9}.Release|Any CPU.ActiveCfg = Release|Any CPU
		{B01D330A-404A-4979-83C5-CFB8E2EE18C9}.Release|Any CPU.Build.0 = Release|Any CPU
	EndGlobalSection
	GlobalSection(SolutionProperties) = preSolution
		HideSolutionNode = FALSE
	EndGlobalSection
	GlobalSection(ExtensibilityGlobals) = postSolution
		SolutionGuid = {20DCC638-EDFA-4F5D-9E49-E4990B998FB9}
	EndGlobalSection
EndGlobal
